
Microsoft Visual Studio Solution File, Format Version 12.00
# Visual Studio Version 16
VisualStudioVersion = 16.0.31729.503
MinimumVisualStudioVersion = 10.0.40219.1
Project("{FAE04EC0-301F-11D3-BF4B-00C04F79EFBC}") = "Forum.Api", "Forum.Api.csproj", "{61EF109F-CE41-4D21-AA37-BB095754929E}"
EndProject
Global
	GlobalSection(SolutionConfigurationPlatforms) = preSolution
		Debug|Any CPU = Debug|Any CPU
		Release|Any CPU = Release|Any CPU
	EndGlobalSection
	GlobalSection(ProjectConfigurationPlatforms) = postSolution
		{61EF109F-CE41-4D21-AA37-BB095754929E}.Debug|Any CPU.ActiveCfg = Debug|Any CPU
		{61EF109F-CE41-4D21-AA37-BB095754929E}.Debug|Any CPU.Build.0 = Debug|Any CPU
		{61EF109F-CE41-4D21-AA37-BB095754929E}.Release|Any CPU.ActiveCfg = Release|Any CPU
		{61EF109F-CE41-4D21-AA37-BB095754929E}.Release|Any CPU.Build.0 = Release|Any CPU
	EndGlobalSection
	GlobalSection(SolutionProperties) = preSolution
		HideSolutionNode = FALSE
	EndGlobalSection
	GlobalSection(ExtensibilityGlobals) = postSolution
		SolutionGuid = {7E795686-48E2-4743-A6D4-FB3C3FF3C7A1}
	EndGlobalSection
EndGlobal
